
Microsoft Visual Studio Solution File, Format Version 12.00
# Visual Studio Version 17
VisualStudioVersion = 17.14.36414.22
MinimumVisualStudioVersion = 10.0.40219.1
Project("{FAE04EC0-301F-11D3-BF4B-00C04F79EFBC}") = "Tyuiu.DyuvenzhiMI.Sprint0.Task0.V0", "Tyuiu.DyuvenzhiMI.Sprint0.Task0.V0\Tyuiu.DyuvenzhiMI.Sprint0.Task0.V0.csproj", "{1D4A9119-069A-4587-8E5A-89F7154EB005}"
EndProject
Project("{FAE04EC0-301F-11D3-BF4B-00C04F79EFBC}") = "Tyuiu.DyuvenzhiMI.Sprint0.Task0.V0.Lib", "Tyuiu.DyuvenzhiMI.Sprint0.Task0.V0.Lib\Tyuiu.DyuvenzhiMI.Sprint0.Task0.V0.Lib.csproj", "{807BEA25-343E-4E30-B6BD-B5CE08F3FAE0}"
EndProject
Project("{FAE04EC0-301F-11D3-BF4B-00C04F79EFBC}") = "Tyuiu.DyuvenzhiMI.Sprint0.Task0.V0.Test", "Tyuiu.DyuvenzhiMI.Sprint0.Task0.V0.Test\Tyuiu.DyuvenzhiMI.Sprint0.Task0.V0.Test.csproj", "{56FC61FE-4513-4B2F-B36F-F7E9AD2330A0}"
EndProject
Project("{FAE04EC0-301F-11D3-BF4B-00C04F79EFBC}") = "Tyuiu.DyuvenzhiMI.Sprint0.Task1.V0.Lib", "Tyuiu.DyuvenzhiMI.Sprint0.Task1.V0.Lib\Tyuiu.DyuvenzhiMI.Sprint0.Task1.V0.Lib.csproj", "{50C534C8-8C38-4AE1-A499-4C0C6A596F9A}"
EndProject
Project("{FAE04EC0-301F-11D3-BF4B-00C04F79EFBC}") = "Tyuiu.DyuvenzhiMI.Sprint0.Task1.V0.Test", "Tyuiu.DyuvenzhiMI.Sprint0.Task1.V0.Test\Tyuiu.DyuvenzhiMI.Sprint0.Task1.V0.Test.csproj", "{2D1C75FC-FAFE-472F-9B77-581666F9F00C}"
EndProject
Project("{FAE04EC0-301F-11D3-BF4B-00C04F79EFBC}") = "Tyuiu.DyuvenzhiMI.Sprint0.Task2.V0", "Tyuiu.DyuvenzhiMI.Sprint0.Task2.V0\Tyuiu.DyuvenzhiMI.Sprint0.Task2.V0.csproj", "{630EEC46-86D3-42AD-8DDC-7B016321DD97}"
EndProject
Project("{FAE04EC0-301F-11D3-BF4B-00C04F79EFBC}") = "Tyuiu.DyuvenzhiMI.Sprint0.Task2.V0.Lib", "Tyuiu.DyuvenzhiMI.Sprint0.Task2.V0.Lib\Tyuiu.DyuvenzhiMI.Sprint0.Task2.V0.Lib.csproj", "{0DE27681-AFC1-4665-B53A-17E98A94AB19}"
EndProject
Project("{FAE04EC0-301F-11D3-BF4B-00C04F79EFBC}") = "Tyuiu.DyuvenzhiMI.Sprint0.Task2.V0.Test", "Tyuiu.DyuvenzhiMI.Sprint0.Task2.V0.Test\Tyuiu.DyuvenzhiMI.Sprint0.Task2.V0.Test.csproj", "{5A320B60-1E36-4741-A265-14AD05F06DF2}"
EndProject
Project("{FAE04EC0-301F-11D3-BF4B-00C04F79EFBC}") = "Tyuiu.DyuvenzhiMI.Sprint0.Task1.V0", "Tyuiu.DyuvenzhiMI.Sprint0.Task1.V0\Tyuiu.DyuvenzhiMI.Sprint0.Task1.V0.csproj", "{51C7A64D-F38C-424B-BD22-86EA13EB9BA3}"
EndProject
Project("{FAE04EC0-301F-11D3-BF4B-00C04F79EFBC}") = "Tyuiu.DyuvenzhiMI.Sprint0.Task3.V0.Lib", "Tyuiu.DyuvenzhiMI.Sprint0.Task3.V0.Lib\Tyuiu.DyuvenzhiMI.Sprint0.Task3.V0.Lib.csproj", "{5D1C98DF-C173-4EE0-BAED-0FABF2263188}"
EndProject
Project("{FAE04EC0-301F-11D3-BF4B-00C04F79EFBC}") = "Tyuiu.DyuvenzhiMI.Sprint0.Task3.V0.Test", "Tyuiu.DyuvenzhiMI.Sprint0.Task3.V0.Test\Tyuiu.DyuvenzhiMI.Sprint0.Task3.V0.Test.csproj", "{AD524AB1-9E97-4F58-86E9-4E1C634D8C88}"
EndProject
Project("{FAE04EC0-301F-11D3-BF4B-00C04F79EFBC}") = "Tyuiu.DyuvenzhiMI.Sprint0.Task3.V0", "Tyuiu.DyuvenzhiMI.Sprint0.Task3.V0\Tyuiu.DyuvenzhiMI.Sprint0.Task3.V0.csproj", "{CD32B913-D9E7-480A-91EC-D5270A3D811C}"
EndProject
Project("{FAE04EC0-301F-11D3-BF4B-00C04F79EFBC}") = "Tyuiu.DyuvenzhiMI.Sprint0.Task4.V0.Lib", "Tyuiu.DyuvenzhiMI.Sprint0.Task4.V0.Lib\Tyuiu.DyuvenzhiMI.Sprint0.Task4.V0.Lib.csproj", "{108FE178-F953-4231-BFDA-39EE8191065E}"
EndProject
Project("{FAE04EC0-301F-11D3-BF4B-00C04F79EFBC}") = "Tyuiu.DyuvenzhiMI.Sprint0.Task4.V0", "Tyuiu.DyuvenzhiMI.Sprint0.Task4.V0\Tyuiu.DyuvenzhiMI.Sprint0.Task4.V0.csproj", "{E00BBCAF-B0BC-4FEA-97C5-C1EAB434E615}"
EndProject
Project("{FAE04EC0-301F-11D3-BF4B-00C04F79EFBC}") = "Tyuiu.DyuvenzhiMI.Sprint0.Task4.V0.Test", "Tyuiu.DyuvenzhiMI.Sprint0.Task4.V0.Test\Tyuiu.DyuvenzhiMI.Sprint0.Task4.V0.Test.csproj", "{90262CD5-87BD-408D-90BA-DADD65499BEA}"
EndProject
Project("{FAE04EC0-301F-11D3-BF4B-00C04F79EFBC}") = "Tyuiu.DyuvenzhiMI.Sprint0.Task5.V0.Lib", "Tyuiu.DyuvenzhiMI.Sprint0.Task5.V0.Lib\Tyuiu.DyuvenzhiMI.Sprint0.Task5.V0.Lib.csproj", "{CEFFAACA-6124-4899-8F9D-0A151E493F88}"
EndProject
Project("{FAE04EC0-301F-11D3-BF4B-00C04F79EFBC}") = "Tyuiu.DyuvenzhiMI.Sprint0.Task5.V0", "Tyuiu.DyuvenzhiMI.Sprint0.Task5.V0\Tyuiu.DyuvenzhiMI.Sprint0.Task5.V0.csproj", "{C544E79E-2308-4460-92C9-22F3F43C1A85}"
EndProject
Project("{FAE04EC0-301F-11D3-BF4B-00C04F79EFBC}") = "Tyuiu.DyuvenzhiMI.Sprint0.Task5.V0.Test", "Tyuiu.DyuvenzhiMI.Sprint0.Task5.V0.Test\Tyuiu.DyuvenzhiMI.Sprint0.Task5.V0.Test.csproj", "{0DE37882-8844-4E47-A48E-52BA1CE40334}"
EndProject
Project("{FAE04EC0-301F-11D3-BF4B-00C04F79EFBC}") = "Tyuiu.DyuvenzhiMI.Sprint0.Task6.V0.Lib", "Tyuiu.DyuvenzhiMI.Sprint0.Task6.V0.Lib\Tyuiu.DyuvenzhiMI.Sprint0.Task6.V0.Lib.csproj", "{B59492CE-3D86-410B-9BA2-1D581E6D1E25}"
EndProject
Project("{FAE04EC0-301F-11D3-BF4B-00C04F79EFBC}") = "Tyuiu.DyuvenzhiMI.Sprint0.Task6.V0.Test", "Tyuiu.DyuvenzhiMI.Sprint0.Task6.V0.Test\Tyuiu.DyuvenzhiMI.Sprint0.Task6.V0.Test.csproj", "{AF4773F1-B00E-4C45-B6DD-FDA033FDAC68}"
EndProject
Project("{FAE04EC0-301F-11D3-BF4B-00C04F79EFBC}") = "Tyuiu.DyuvenzhiMI.Sprint0.Task6.V0", "Tyuiu.DyuvenzhiMI.Sprint0.Task6.V0\Tyuiu.DyuvenzhiMI.Sprint0.Task6.V0.csproj", "{8CB000F0-25C7-49CE-B2CC-036448521799}"
EndProject
Global
	GlobalSection(SolutionConfigurationPlatforms) = preSolution
		Debug|Any CPU = Debug|Any CPU
		Release|Any CPU = Release|Any CPU
	EndGlobalSection
	GlobalSection(ProjectConfigurationPlatforms) = postSolution
		{1D4A9119-069A-4587-8E5A-89F7154EB005}.Debug|Any CPU.ActiveCfg = Debug|Any CPU
		{1D4A9119-069A-4587-8E5A-89F7154EB005}.Debug|Any CPU.Build.0 = Debug|Any CPU
		{1D4A9119-069A-4587-8E5A-89F7154EB005}.Release|Any CPU.ActiveCfg = Release|Any CPU
		{1D4A9119-069A-4587-8E5A-89F7154EB005}.Release|Any CPU.Build.0 = Release|Any CPU
		{807BEA25-343E-4E30-B6BD-B5CE08F3FAE0}.Debug|Any CPU.ActiveCfg = Debug|Any CPU
		{807BEA25-343E-4E30-B6BD-B5CE08F3FAE0}.Debug|Any CPU.Build.0 = Debug|Any CPU
		{807BEA25-343E-4E30-B6BD-B5CE08F3FAE0}.Release|Any CPU.ActiveCfg = Release|Any CPU
		{807BEA25-343E-4E30-B6BD-B5CE08F3FAE0}.Release|Any CPU.Build.0 = Release|Any CPU
		{56FC61FE-4513-4B2F-B36F-F7E9AD2330A0}.Debug|Any CPU.ActiveCfg = Debug|Any CPU
		{56FC61FE-4513-4B2F-B36F-F7E9AD2330A0}.Debug|Any CPU.Build.0 = Debug|Any CPU
		{56FC61FE-4513-4B2F-B36F-F7E9AD2330A0}.Release|Any CPU.ActiveCfg = Release|Any CPU
		{56FC61FE-4513-4B2F-B36F-F7E9AD2330A0}.Release|Any CPU.Build.0 = Release|Any CPU
		{50C534C8-8C38-4AE1-A499-4C0C6A596F9A}.Debug|Any CPU.ActiveCfg = Debug|Any CPU
		{50C534C8-8C38-4AE1-A499-4C0C6A596F9A}.Debug|Any CPU.Build.0 = Debug|Any CPU
		{50C534C8-8C38-4AE1-A499-4C0C6A596F9A}.Release|Any CPU.ActiveCfg = Release|Any CPU
		{50C534C8-8C38-4AE1-A499-4C0C6A596F9A}.Release|Any CPU.Build.0 = Release|Any CPU
		{2D1C75FC-FAFE-472F-9B77-581666F9F00C}.Debug|Any CPU.ActiveCfg = Debug|Any CPU
		{2D1C75FC-FAFE-472F-9B77-581666F9F00C}.Debug|Any CPU.Build.0 = Debug|Any CPU
		{2D1C75FC-FAFE-472F-9B77-581666F9F00C}.Release|Any CPU.ActiveCfg = Release|Any CPU
		{2D1C75FC-FAFE-472F-9B77-581666F9F00C}.Release|Any CPU.Build.0 = Release|Any CPU
		{630EEC46-86D3-42AD-8DDC-7B016321DD97}.Debug|Any CPU.ActiveCfg = Debug|Any CPU
		{630EEC46-86D3-42AD-8DDC-7B016321DD97}.Debug|Any CPU.Build.0 = Debug|Any CPU
		{630EEC46-86D3-42AD-8DDC-7B016321DD97}.Release|Any CPU.ActiveCfg = Release|Any CPU
		{630EEC46-86D3-42AD-8DDC-7B016321DD97}.Release|Any CPU.Build.0 = Release|Any CPU
		{0DE27681-AFC1-4665-B53A-17E98A94AB19}.Debug|Any CPU.ActiveCfg = Debug|Any CPU
		{0DE27681-AFC1-4665-B53A-17E98A94AB19}.Debug|Any CPU.Build.0 = Debug|Any CPU
		{0DE27681-AFC1-4665-B53A-17E98A94AB19}.Release|Any CPU.ActiveCfg = Release|Any CPU
		{0DE27681-AFC1-4665-B53A-17E98A94AB19}.Release|Any CPU.Build.0 = Release|Any CPU
		{5A320B60-1E36-4741-A265-14AD05F06DF2}.Debug|Any CPU.ActiveCfg = Debug|Any CPU
		{5A320B60-1E36-4741-A265-14AD05F06DF2}.Debug|Any CPU.Build.0 = Debug|Any CPU
		{5A320B60-1E36-4741-A265-14AD05F06DF2}.Release|Any CPU.ActiveCfg = Release|Any CPU
		{5A320B60-1E36-4741-A265-14AD05F06DF2}.Release|Any CPU.Build.0 = Release|Any CPU
		{51C7A64D-F38C-424B-BD22-86EA13EB9BA3}.Debug|Any CPU.ActiveCfg = Debug|Any CPU
		{51C7A64D-F38C-424B-BD22-86EA13EB9BA3}.Debug|Any CPU.Build.0 = Debug|Any CPU
		{51C7A64D-F38C-424B-BD22-86EA13EB9BA3}.Release|Any CPU.ActiveCfg = Release|Any CPU
		{51C7A64D-F38C-424B-BD22-86EA13EB9BA3}.Release|Any CPU.Build.0 = Release|Any CPU
		{5D1C98DF-C173-4EE0-BAED-0FABF2263188}.Debug|Any CPU.ActiveCfg = Debug|Any CPU
		{5D1C98DF-C173-4EE0-BAED-0FABF2263188}.Debug|Any CPU.Build.0 = Debug|Any CPU
		{5D1C98DF-C173-4EE0-BAED-0FABF2263188}.Release|Any CPU.ActiveCfg = Release|Any CPU
		{5D1C98DF-C173-4EE0-BAED-0FABF2263188}.Release|Any CPU.Build.0 = Release|Any CPU
		{AD524AB1-9E97-4F58-86E9-4E1C634D8C88}.Debug|Any CPU.ActiveCfg = Debug|Any CPU
		{AD524AB1-9E97-4F58-86E9-4E1C634D8C88}.Debug|Any CPU.Build.0 = Debug|Any CPU
		{AD524AB1-9E97-4F58-86E9-4E1C634D8C88}.Release|Any CPU.ActiveCfg = Release|Any CPU
		{AD524AB1-9E97-4F58-86E9-4E1C634D8C88}.Release|Any CPU.Build.0 = Release|Any CPU
		{CD32B913-D9E7-480A-91EC-D5270A3D811C}.Debug|Any CPU.ActiveCfg = Debug|Any CPU
		{CD32B913-D9E7-480A-91EC-D5270A3D811C}.Debug|Any CPU.Build.0 = Debug|Any CPU
		{CD32B913-D9E7-480A-91EC-D5270A3D811C}.Release|Any CPU.ActiveCfg = Release|Any CPU
		{CD32B913-D9E7-480A-91EC-D5270A3D811C}.Release|Any CPU.Build.0 = Release|Any CPU
		{108FE178-F953-4231-BFDA-39EE8191065E}.Debug|Any CPU.ActiveCfg = Debug|Any CPU
		{108FE178-F953-4231-BFDA-39EE8191065E}.Debug|Any CPU.Build.0 = Debug|Any CPU
		{108FE178-F953-4231-BFDA-39EE8191065E}.Release|Any CPU.ActiveCfg = Release|Any CPU
		{108FE178-F953-4231-BFDA-39EE8191065E}.Release|Any CPU.Build.0 = Release|Any CPU
		{E00BBCAF-B0BC-4FEA-97C5-C1EAB434E615}.Debug|Any CPU.ActiveCfg = Debug|Any CPU
		{E00BBCAF-B0BC-4FEA-97C5-C1EAB434E615}.Debug|Any CPU.Build.0 = Debug|Any CPU
		{E00BBCAF-B0BC-4FEA-97C5-C1EAB434E615}.Release|Any CPU.ActiveCfg = Release|Any CPU
		{E00BBCAF-B0BC-4FEA-97C5-C1EAB434E615}.Release|Any CPU.Build.0 = Release|Any CPU
		{90262CD5-87BD-408D-90BA-DADD65499BEA}.Debug|Any CPU.ActiveCfg = Debug|Any CPU
		{90262CD5-87BD-408D-90BA-DADD65499BEA}.Debug|Any CPU.Build.0 = Debug|Any CPU
		{90262CD5-87BD-408D-90BA-DADD65499BEA}.Release|Any CPU.ActiveCfg = Release|Any CPU
		{90262CD5-87BD-408D-90BA-DADD65499BEA}.Release|Any CPU.Build.0 = Release|Any CPU
		{CEFFAACA-6124-4899-8F9D-0A151E493F88}.Debug|Any CPU.ActiveCfg = Debug|Any CPU
		{CEFFAACA-6124-4899-8F9D-0A151E493F88}.Debug|Any CPU.Build.0 = Debug|Any CPU
		{CEFFAACA-6124-4899-8F9D-0A151E493F88}.Release|Any CPU.ActiveCfg = Release|Any CPU
		{CEFFAACA-6124-4899-8F9D-0A151E493F88}.Release|Any CPU.Build.0 = Release|Any CPU
		{C544E79E-2308-4460-92C9-22F3F43C1A85}.Debug|Any CPU.ActiveCfg = Debug|Any CPU
		{C544E79E-2308-4460-92C9-22F3F43C1A85}.Debug|Any CPU.Build.0 = Debug|Any CPU
		{C544E79E-2308-4460-92C9-22F3F43C1A85}.Release|Any CPU.ActiveCfg = Release|Any CPU
		{C544E79E-2308-4460-92C9-22F3F43C1A85}.Release|Any CPU.Build.0 = Release|Any CPU
		{0DE37882-8844-4E47-A48E-52BA1CE40334}.Debug|Any CPU.ActiveCfg = Debug|Any CPU
		{0DE37882-8844-4E47-A48E-52BA1CE40334}.Debug|Any CPU.Build.0 = Debug|Any CPU
		{0DE37882-8844-4E47-A48E-52BA1CE40334}.Release|Any CPU.ActiveCfg = Release|Any CPU
		{0DE37882-8844-4E47-A48E-52BA1CE40334}.Release|Any CPU.Build.0 = Release|Any CPU
		{B59492CE-3D86-410B-9BA2-1D581E6D1E25}.Debug|Any CPU.ActiveCfg = Debug|Any CPU
		{B59492CE-3D86-410B-9BA2-1D581E6D1E25}.Debug|Any CPU.Build.0 = Debug|Any CPU
		{B59492CE-3D86-410B-9BA2-1D581E6D1E25}.Release|Any CPU.ActiveCfg = Release|Any CPU
		{B59492CE-3D86-410B-9BA2-1D581E6D1E25}.Release|Any CPU.Build.0 = Release|Any CPU
		{AF4773F1-B00E-4C45-B6DD-FDA033FDAC68}.Debug|Any CPU.ActiveCfg = Debug|Any CPU
		{AF4773F1-B00E-4C45-B6DD-FDA033FDAC68}.Debug|Any CPU.Build.0 = Debug|Any CPU
		{AF4773F1-B00E-4C45-B6DD-FDA033FDAC68}.Release|Any CPU.ActiveCfg = Release|Any CPU
		{AF4773F1-B00E-4C45-B6DD-FDA033FDAC68}.Release|Any CPU.Build.0 = Release|Any CPU
		{8CB000F0-25C7-49CE-B2CC-036448521799}.Debug|Any CPU.ActiveCfg = Debug|Any CPU
		{8CB000F0-25C7-49CE-B2CC-036448521799}.Debug|Any CPU.Build.0 = Debug|Any CPU
		{8CB000F0-25C7-49CE-B2CC-036448521799}.Release|Any CPU.ActiveCfg = Release|Any CPU
		{8CB000F0-25C7-49CE-B2CC-036448521799}.Release|Any CPU.Build.0 = Release|Any CPU
	EndGlobalSection
	GlobalSection(SolutionProperties) = preSolution
		HideSolutionNode = FALSE
	EndGlobalSection
	GlobalSection(ExtensibilityGlobals) = postSolution
		SolutionGuid = {432FE76A-B6F7-43B4-96F4-D4665FAD49DA}
	EndGlobalSection
EndGlobal
